{
  "name": "ajs-homework_3_2",
  "version": "1.0.0",
  "lockfileVersion": 3,
  "requires": true,
  "packages": {
    "": {
      "name": "ajs-homework_3_2",
      "version": "1.0.0",
      "license": "ISC",
      "devDependencies": {
        "@nlotomsk/ajs-homework_3_1": "^1.0.2"
      }
    },
    "node_modules/@nlotomsk/ajs-homework_3_1": {
      "version": "1.0.2",
      "resolved": "https://npm.pkg.github.com/download/@nlotomsk/ajs-homework_3_1/1.0.2/1140d4d90f6e37edf4e610e71cadb90dcdb825c9",
      "integrity": "sha512-Ki7mulPGYYRox1cNSeuKVCDUWJSzitX3xdjQOK9wJHuQRG7IenEssHXpyxmPM51Aj3KPVye0LaKpThUf+YpGIA==",
      "dev": true,
      "license": "ISC"
    }
  }
}
